
Microsoft Visual Studio Solution File, Format Version 12.00
# Visual Studio Version 17
VisualStudioVersion = 17.7.34031.279
MinimumVisualStudioVersion = 10.0.40219.1
Project("{9A19103F-16F7-4668-BE54-9A1E7A4F7556}") = "WinFormdop", "WinFormdop.csproj", "{05F1AB95-F1EC-4D8E-A411-B9FFB03E31FC}"
EndProject
Global
	GlobalSection(SolutionConfigurationPlatforms) = preSolution
		Debug|Any CPU = Debug|Any CPU
		Release|Any CPU = Release|Any CPU
	EndGlobalSection
	GlobalSection(ProjectConfigurationPlatforms) = postSolution
		{05F1AB95-F1EC-4D8E-A411-B9FFB03E31FC}.Debug|Any CPU.ActiveCfg = Debug|Any CPU
		{05F1AB95-F1EC-4D8E-A411-B9FFB03E31FC}.Debug|Any CPU.Build.0 = Debug|Any CPU
		{05F1AB95-F1EC-4D8E-A411-B9FFB03E31FC}.Release|Any CPU.ActiveCfg = Release|Any CPU
		{05F1AB95-F1EC-4D8E-A411-B9FFB03E31FC}.Release|Any CPU.Build.0 = Release|Any CPU
	EndGlobalSection
	GlobalSection(SolutionProperties) = preSolution
		HideSolutionNode = FALSE
	EndGlobalSection
	GlobalSection(ExtensibilityGlobals) = postSolution
		SolutionGuid = {8B5F50EA-850D-4468-A5C0-8E835AB49544}
	EndGlobalSection
EndGlobal
